
Microsoft Visual Studio Solution File, Format Version 12.00
# Visual Studio Version 17
VisualStudioVersion = 17.5.33516.290
MinimumVisualStudioVersion = 10.0.40219.1
Project("{F2A71F9B-5D33-465A-A702-920D77279786}") = "FSharpConsole", "FSharpConsole\FSharpConsole.fsproj", "{5E90E7CA-5891-4A17-9C80-606F072CFCF7}"
EndProject
Global
	GlobalSection(SolutionConfigurationPlatforms) = preSolution
		Debug|Any CPU = Debug|Any CPU
		Release|Any CPU = Release|Any CPU
	EndGlobalSection
	GlobalSection(ProjectConfigurationPlatforms) = postSolution
		{5E90E7CA-5891-4A17-9C80-606F072CFCF7}.Debug|Any CPU.ActiveCfg = Debug|Any CPU
		{5E90E7CA-5891-4A17-9C80-606F072CFCF7}.Debug|Any CPU.Build.0 = Debug|Any CPU
		{5E90E7CA-5891-4A17-9C80-606F072CFCF7}.Release|Any CPU.ActiveCfg = Release|Any CPU
		{5E90E7CA-5891-4A17-9C80-606F072CFCF7}.Release|Any CPU.Build.0 = Release|Any CPU
	EndGlobalSection
	GlobalSection(SolutionProperties) = preSolution
		HideSolutionNode = FALSE
	EndGlobalSection
	GlobalSection(ExtensibilityGlobals) = postSolution
		SolutionGuid = {77686140-8D72-4BFE-B733-7D37AAF53D4B}
	EndGlobalSection
EndGlobal
